<Solution>
  <Folder Name="/src/">
    <Project Path="src/Sheddueller.InMemory/Sheddueller.InMemory.csproj" />
    <Project Path="src/Sheddueller/Sheddueller.csproj" />
  </Folder>
  <Folder Name="/test/">
    <Project Path="test/Sheddueller.Tests/Sheddueller.Tests.csproj" />
  </Folder>
</Solution>
